
Microsoft Visual Studio Solution File, Format Version 12.00
# Visual Studio Version 17
VisualStudioVersion = 17.14.36429.23
MinimumVisualStudioVersion = 10.0.40219.1
Project("{FAE04EC0-301F-11D3-BF4B-00C04F79EFBC}") = "Auth.Api", "Auth.Api\Auth.Api.csproj", "{73936D88-A014-41DA-A2DB-BCC59D53E4D9}"
EndProject
Project("{FAE04EC0-301F-11D3-BF4B-00C04F79EFBC}") = "Auth.Impl", "Auth.Impl\Auth.Impl.csproj", "{393053EB-9757-4F50-BE4C-9327CFF1CCF6}"
EndProject
Project("{FAE04EC0-301F-11D3-BF4B-00C04F79EFBC}") = "Auth.Tests", "Auth.Tests\Auth.Tests.csproj", "{DAF4C16D-B068-4876-9EDF-E0896E7C2336}"
EndProject
Project("{FAE04EC0-301F-11D3-BF4B-00C04F79EFBC}") = "Chat.Api", "Chat.Api\Chat.Api.csproj", "{46401C7E-E54E-48FB-9399-D44190FFE2EF}"
EndProject
Project("{FAE04EC0-301F-11D3-BF4B-00C04F79EFBC}") = "Chat.Impl", "Chat.Impl\Chat.Impl.csproj", "{A33BCCCC-AD7F-42B9-9A9F-3E860DE0E6F8}"
EndProject
Project("{FAE04EC0-301F-11D3-BF4B-00C04F79EFBC}") = "Chat.Tests", "Chat.Tests\Chat.Tests.csproj", "{61DFE0DA-C9BB-4A67-9145-E77AA67C36DF}"
EndProject
Project("{FAE04EC0-301F-11D3-BF4B-00C04F79EFBC}") = "Document.Api", "Document.Api\Document.Api.csproj", "{58A16808-8E2D-4CC3-8505-CB81942DB3B5}"
EndProject
Project("{FAE04EC0-301F-11D3-BF4B-00C04F79EFBC}") = "Document.Impl", "Document.Impl\Document.Impl.csproj", "{6273F0BD-D780-4E09-94BA-A845F15D9338}"
EndProject
Project("{FAE04EC0-301F-11D3-BF4B-00C04F79EFBC}") = "Document.Tests", "Document.Tests\Document.Tests.csproj", "{F9A068E0-DFEA-49F9-BA09-CD7AF4008EC1}"
EndProject
Project("{FAE04EC0-301F-11D3-BF4B-00C04F79EFBC}") = "Payment.Api", "Payment.Api\Payment.Api.csproj", "{67BA9ABC-4E1E-4B28-87AB-89CC3CFFA1B0}"
EndProject
Project("{FAE04EC0-301F-11D3-BF4B-00C04F79EFBC}") = "Payment.Impl", "Payment.Impl\Payment.Impl.csproj", "{96715108-269A-42A9-8961-5036D6701082}"
EndProject
Project("{FAE04EC0-301F-11D3-BF4B-00C04F79EFBC}") = "Payment.Tests", "Payment.Tests\Payment.Tests.csproj", "{BD609200-E283-4531-ABAC-5B6C6CC5B0C5}"
EndProject
Project("{FAE04EC0-301F-11D3-BF4B-00C04F79EFBC}") = "Policy.Api", "Policy.Api\Policy.Api.csproj", "{A35D2EA6-D6DB-4CD1-84D1-0E47A2E81F98}"
EndProject
Project("{FAE04EC0-301F-11D3-BF4B-00C04F79EFBC}") = "Policy.Impl", "Policy.Impl\Policy.Impl.csproj", "{6BA34FD6-66F3-4DFD-85A8-56656D443A02}"
EndProject
Project("{FAE04EC0-301F-11D3-BF4B-00C04F79EFBC}") = "Policy.Tests", "Policy.Tests\Policy.Tests.csproj", "{1ED3CDA9-FFFC-41A9-9373-60BE31078641}"
EndProject
Project("{FAE04EC0-301F-11D3-BF4B-00C04F79EFBC}") = "PolicySearch.Api", "PolicySearch.Api\PolicySearch.Api.csproj", "{A7BA48AB-8036-4E02-B313-A58E4BEF8BDB}"
EndProject
Project("{FAE04EC0-301F-11D3-BF4B-00C04F79EFBC}") = "PolicySearch.Impl", "PolicySearch.Impl\PolicySearch.Impl.csproj", "{FC1DADDE-6265-4534-8009-B82A9E7920F6}"
EndProject
Project("{FAE04EC0-301F-11D3-BF4B-00C04F79EFBC}") = "PolicySearch.Tests", "PolicySearch.Tests\PolicySearch.Tests.csproj", "{BECA0E18-48EB-4E06-90D1-8AFA7D860E30}"
EndProject
Project("{FAE04EC0-301F-11D3-BF4B-00C04F79EFBC}") = "Pricing.Api", "Pricing.Api\Pricing.Api.csproj", "{597BDE0B-C0F3-4F14-B113-9CAB6F1FC715}"
EndProject
Project("{FAE04EC0-301F-11D3-BF4B-00C04F79EFBC}") = "Pricing.Impl", "Pricing.Impl\Pricing.Impl.csproj", "{D385D517-FCF0-4720-9579-B096376B3C85}"
EndProject
Project("{FAE04EC0-301F-11D3-BF4B-00C04F79EFBC}") = "Pricing.Tests", "Pricing.Tests\Pricing.Tests.csproj", "{5B239442-50E5-4B5D-8BC7-480A87C8AA99}"
EndProject
Project("{FAE04EC0-301F-11D3-BF4B-00C04F79EFBC}") = "Product.Api", "Product.Api\Product.Api.csproj", "{B41DF276-AC36-40EF-9583-2DA4143FD823}"
EndProject
Project("{FAE04EC0-301F-11D3-BF4B-00C04F79EFBC}") = "Product.Impl", "Product.Impl\Product.Impl.csproj", "{4C669155-5408-4190-B07D-9EBB03FA60BE}"
EndProject
Project("{FAE04EC0-301F-11D3-BF4B-00C04F79EFBC}") = "Product.Tests", "Product.Tests\Product.Tests.csproj", "{CAF1A48D-CF55-489B-905D-22B4C1047B6D}"
EndProject
Global
	GlobalSection(SolutionConfigurationPlatforms) = preSolution
		Debug|Any CPU = Debug|Any CPU
		Debug|x64 = Debug|x64
		Debug|x86 = Debug|x86
		Release|Any CPU = Release|Any CPU
		Release|x64 = Release|x64
		Release|x86 = Release|x86
	EndGlobalSection
	GlobalSection(ProjectConfigurationPlatforms) = postSolution
		{73936D88-A014-41DA-A2DB-BCC59D53E4D9}.Debug|Any CPU.ActiveCfg = Debug|Any CPU
		{73936D88-A014-41DA-A2DB-BCC59D53E4D9}.Debug|Any CPU.Build.0 = Debug|Any CPU
		{73936D88-A014-41DA-A2DB-BCC59D53E4D9}.Debug|x64.ActiveCfg = Debug|Any CPU
		{73936D88-A014-41DA-A2DB-BCC59D53E4D9}.Debug|x64.Build.0 = Debug|Any CPU
		{73936D88-A014-41DA-A2DB-BCC59D53E4D9}.Debug|x86.ActiveCfg = Debug|Any CPU
		{73936D88-A014-41DA-A2DB-BCC59D53E4D9}.Debug|x86.Build.0 = Debug|Any CPU
		{73936D88-A014-41DA-A2DB-BCC59D53E4D9}.Release|Any CPU.ActiveCfg = Release|Any CPU
		{73936D88-A014-41DA-A2DB-BCC59D53E4D9}.Release|Any CPU.Build.0 = Release|Any CPU
		{73936D88-A014-41DA-A2DB-BCC59D53E4D9}.Release|x64.ActiveCfg = Release|Any CPU
		{73936D88-A014-41DA-A2DB-BCC59D53E4D9}.Release|x64.Build.0 = Release|Any CPU
		{73936D88-A014-41DA-A2DB-BCC59D53E4D9}.Release|x86.ActiveCfg = Release|Any CPU
		{73936D88-A014-41DA-A2DB-BCC59D53E4D9}.Release|x86.Build.0 = Release|Any CPU
		{393053EB-9757-4F50-BE4C-9327CFF1CCF6}.Debug|Any CPU.ActiveCfg = Debug|Any CPU
		{393053EB-9757-4F50-BE4C-9327CFF1CCF6}.Debug|Any CPU.Build.0 = Debug|Any CPU
		{393053EB-9757-4F50-BE4C-9327CFF1CCF6}.Debug|x64.ActiveCfg = Debug|Any CPU
		{393053EB-9757-4F50-BE4C-9327CFF1CCF6}.Debug|x64.Build.0 = Debug|Any CPU
		{393053EB-9757-4F50-BE4C-9327CFF1CCF6}.Debug|x86.ActiveCfg = Debug|Any CPU
		{393053EB-9757-4F50-BE4C-9327CFF1CCF6}.Debug|x86.Build.0 = Debug|Any CPU
		{393053EB-9757-4F50-BE4C-9327CFF1CCF6}.Release|Any CPU.ActiveCfg = Release|Any CPU
		{393053EB-9757-4F50-BE4C-9327CFF1CCF6}.Release|Any CPU.Build.0 = Release|Any CPU
		{393053EB-9757-4F50-BE4C-9327CFF1CCF6}.Release|x64.ActiveCfg = Release|Any CPU
		{393053EB-9757-4F50-BE4C-9327CFF1CCF6}.Release|x64.Build.0 = Release|Any CPU
		{393053EB-9757-4F50-BE4C-9327CFF1CCF6}.Release|x86.ActiveCfg = Release|Any CPU
		{393053EB-9757-4F50-BE4C-9327CFF1CCF6}.Release|x86.Build.0 = Release|Any CPU
		{DAF4C16D-B068-4876-9EDF-E0896E7C2336}.Debug|Any CPU.ActiveCfg = Debug|Any CPU
		{DAF4C16D-B068-4876-9EDF-E0896E7C2336}.Debug|Any CPU.Build.0 = Debug|Any CPU
		{DAF4C16D-B068-4876-9EDF-E0896E7C2336}.Debug|x64.ActiveCfg = Debug|Any CPU
		{DAF4C16D-B068-4876-9EDF-E0896E7C2336}.Debug|x64.Build.0 = Debug|Any CPU
		{DAF4C16D-B068-4876-9EDF-E0896E7C2336}.Debug|x86.ActiveCfg = Debug|Any CPU
		{DAF4C16D-B068-4876-9EDF-E0896E7C2336}.Debug|x86.Build.0 = Debug|Any CPU
		{DAF4C16D-B068-4876-9EDF-E0896E7C2336}.Release|Any CPU.ActiveCfg = Release|Any CPU
		{DAF4C16D-B068-4876-9EDF-E0896E7C2336}.Release|Any CPU.Build.0 = Release|Any CPU
		{DAF4C16D-B068-4876-9EDF-E0896E7C2336}.Release|x64.ActiveCfg = Release|Any CPU
		{DAF4C16D-B068-4876-9EDF-E0896E7C2336}.Release|x64.Build.0 = Release|Any CPU
		{DAF4C16D-B068-4876-9EDF-E0896E7C2336}.Release|x86.ActiveCfg = Release|Any CPU
		{DAF4C16D-B068-4876-9EDF-E0896E7C2336}.Release|x86.Build.0 = Release|Any CPU
		{46401C7E-E54E-48FB-9399-D44190FFE2EF}.Debug|Any CPU.ActiveCfg = Debug|Any CPU
		{46401C7E-E54E-48FB-9399-D44190FFE2EF}.Debug|Any CPU.Build.0 = Debug|Any CPU
		{46401C7E-E54E-48FB-9399-D44190FFE2EF}.Debug|x64.ActiveCfg = Debug|Any CPU
		{46401C7E-E54E-48FB-9399-D44190FFE2EF}.Debug|x64.Build.0 = Debug|Any CPU
		{46401C7E-E54E-48FB-9399-D44190FFE2EF}.Debug|x86.ActiveCfg = Debug|Any CPU
		{46401C7E-E54E-48FB-9399-D44190FFE2EF}.Debug|x86.Build.0 = Debug|Any CPU
		{46401C7E-E54E-48FB-9399-D44190FFE2EF}.Release|Any CPU.ActiveCfg = Release|Any CPU
		{46401C7E-E54E-48FB-9399-D44190FFE2EF}.Release|Any CPU.Build.0 = Release|Any CPU
		{46401C7E-E54E-48FB-9399-D44190FFE2EF}.Release|x64.ActiveCfg = Release|Any CPU
		{46401C7E-E54E-48FB-9399-D44190FFE2EF}.Release|x64.Build.0 = Release|Any CPU
		{46401C7E-E54E-48FB-9399-D44190FFE2EF}.Release|x86.ActiveCfg = Release|Any CPU
		{46401C7E-E54E-48FB-9399-D44190FFE2EF}.Release|x86.Build.0 = Release|Any CPU
		{A33BCCCC-AD7F-42B9-9A9F-3E860DE0E6F8}.Debug|Any CPU.ActiveCfg = Debug|Any CPU
		{A33BCCCC-AD7F-42B9-9A9F-3E860DE0E6F8}.Debug|Any CPU.Build.0 = Debug|Any CPU
		{A33BCCCC-AD7F-42B9-9A9F-3E860DE0E6F8}.Debug|x64.ActiveCfg = Debug|Any CPU
		{A33BCCCC-AD7F-42B9-9A9F-3E860DE0E6F8}.Debug|x64.Build.0 = Debug|Any CPU
		{A33BCCCC-AD7F-42B9-9A9F-3E860DE0E6F8}.Debug|x86.ActiveCfg = Debug|Any CPU
		{A33BCCCC-AD7F-42B9-9A9F-3E860DE0E6F8}.Debug|x86.Build.0 = Debug|Any CPU
		{A33BCCCC-AD7F-42B9-9A9F-3E860DE0E6F8}.Release|Any CPU.ActiveCfg = Release|Any CPU
		{A33BCCCC-AD7F-42B9-9A9F-3E860DE0E6F8}.Release|Any CPU.Build.0 = Release|Any CPU
		{A33BCCCC-AD7F-42B9-9A9F-3E860DE0E6F8}.Release|x64.ActiveCfg = Release|Any CPU
		{A33BCCCC-AD7F-42B9-9A9F-3E860DE0E6F8}.Release|x64.Build.0 = Release|Any CPU
		{A33BCCCC-AD7F-42B9-9A9F-3E860DE0E6F8}.Release|x86.ActiveCfg = Release|Any CPU
		{A33BCCCC-AD7F-42B9-9A9F-3E860DE0E6F8}.Release|x86.Build.0 = Release|Any CPU
		{61DFE0DA-C9BB-4A67-9145-E77AA67C36DF}.Debug|Any CPU.ActiveCfg = Debug|Any CPU
		{61DFE0DA-C9BB-4A67-9145-E77AA67C36DF}.Debug|Any CPU.Build.0 = Debug|Any CPU
		{61DFE0DA-C9BB-4A67-9145-E77AA67C36DF}.Debug|x64.ActiveCfg = Debug|Any CPU
		{61DFE0DA-C9BB-4A67-9145-E77AA67C36DF}.Debug|x64.Build.0 = Debug|Any CPU
		{61DFE0DA-C9BB-4A67-9145-E77AA67C36DF}.Debug|x86.ActiveCfg = Debug|Any CPU
		{61DFE0DA-C9BB-4A67-9145-E77AA67C36DF}.Debug|x86.Build.0 = Debug|Any CPU
		{61DFE0DA-C9BB-4A67-9145-E77AA67C36DF}.Release|Any CPU.ActiveCfg = Release|Any CPU
		{61DFE0DA-C9BB-4A67-9145-E77AA67C36DF}.Release|Any CPU.Build.0 = Release|Any CPU
		{61DFE0DA-C9BB-4A67-9145-E77AA67C36DF}.Release|x64.ActiveCfg = Release|Any CPU
		{61DFE0DA-C9BB-4A67-9145-E77AA67C36DF}.Release|x64.Build.0 = Release|Any CPU
		{61DFE0DA-C9BB-4A67-9145-E77AA67C36DF}.Release|x86.ActiveCfg = Release|Any CPU
		{61DFE0DA-C9BB-4A67-9145-E77AA67C36DF}.Release|x86.Build.0 = Release|Any CPU
		{58A16808-8E2D-4CC3-8505-CB81942DB3B5}.Debug|Any CPU.ActiveCfg = Debug|Any CPU
		{58A16808-8E2D-4CC3-8505-CB81942DB3B5}.Debug|Any CPU.Build.0 = Debug|Any CPU
		{58A16808-8E2D-4CC3-8505-CB81942DB3B5}.Debug|x64.ActiveCfg = Debug|Any CPU
		{58A16808-8E2D-4CC3-8505-CB81942DB3B5}.Debug|x64.Build.0 = Debug|Any CPU
		{58A16808-8E2D-4CC3-8505-CB81942DB3B5}.Debug|x86.ActiveCfg = Debug|Any CPU
		{58A16808-8E2D-4CC3-8505-CB81942DB3B5}.Debug|x86.Build.0 = Debug|Any CPU
		{58A16808-8E2D-4CC3-8505-CB81942DB3B5}.Release|Any CPU.ActiveCfg = Release|Any CPU
		{58A16808-8E2D-4CC3-8505-CB81942DB3B5}.Release|Any CPU.Build.0 = Release|Any CPU
		{58A16808-8E2D-4CC3-8505-CB81942DB3B5}.Release|x64.ActiveCfg = Release|Any CPU
		{58A16808-8E2D-4CC3-8505-CB81942DB3B5}.Release|x64.Build.0 = Release|Any CPU
		{58A16808-8E2D-4CC3-8505-CB81942DB3B5}.Release|x86.ActiveCfg = Release|Any CPU
		{58A16808-8E2D-4CC3-8505-CB81942DB3B5}.Release|x86.Build.0 = Release|Any CPU
		{6273F0BD-D780-4E09-94BA-A845F15D9338}.Debug|Any CPU.ActiveCfg = Debug|Any CPU
		{6273F0BD-D780-4E09-94BA-A845F15D9338}.Debug|Any CPU.Build.0 = Debug|Any CPU
		{6273F0BD-D780-4E09-94BA-A845F15D9338}.Debug|x64.ActiveCfg = Debug|Any CPU
		{6273F0BD-D780-4E09-94BA-A845F15D9338}.Debug|x64.Build.0 = Debug|Any CPU
		{6273F0BD-D780-4E09-94BA-A845F15D9338}.Debug|x86.ActiveCfg = Debug|Any CPU
		{6273F0BD-D780-4E09-94BA-A845F15D9338}.Debug|x86.Build.0 = Debug|Any CPU
		{6273F0BD-D780-4E09-94BA-A845F15D9338}.Release|Any CPU.ActiveCfg = Release|Any CPU
		{6273F0BD-D780-4E09-94BA-A845F15D9338}.Release|Any CPU.Build.0 = Release|Any CPU
		{6273F0BD-D780-4E09-94BA-A845F15D9338}.Release|x64.ActiveCfg = Release|Any CPU
		{6273F0BD-D780-4E09-94BA-A845F15D9338}.Release|x64.Build.0 = Release|Any CPU
		{6273F0BD-D780-4E09-94BA-A845F15D9338}.Release|x86.ActiveCfg = Release|Any CPU
		{6273F0BD-D780-4E09-94BA-A845F15D9338}.Release|x86.Build.0 = Release|Any CPU
		{F9A068E0-DFEA-49F9-BA09-CD7AF4008EC1}.Debug|Any CPU.ActiveCfg = Debug|Any CPU
		{F9A068E0-DFEA-49F9-BA09-CD7AF4008EC1}.Debug|Any CPU.Build.0 = Debug|Any CPU
		{F9A068E0-DFEA-49F9-BA09-CD7AF4008EC1}.Debug|x64.ActiveCfg = Debug|Any CPU
		{F9A068E0-DFEA-49F9-BA09-CD7AF4008EC1}.Debug|x64.Build.0 = Debug|Any CPU
		{F9A068E0-DFEA-49F9-BA09-CD7AF4008EC1}.Debug|x86.ActiveCfg = Debug|Any CPU
		{F9A068E0-DFEA-49F9-BA09-CD7AF4008EC1}.Debug|x86.Build.0 = Debug|Any CPU
		{F9A068E0-DFEA-49F9-BA09-CD7AF4008EC1}.Release|Any CPU.ActiveCfg = Release|Any CPU
		{F9A068E0-DFEA-49F9-BA09-CD7AF4008EC1}.Release|Any CPU.Build.0 = Release|Any CPU
		{F9A068E0-DFEA-49F9-BA09-CD7AF4008EC1}.Release|x64.ActiveCfg = Release|Any CPU
		{F9A068E0-DFEA-49F9-BA09-CD7AF4008EC1}.Release|x64.Build.0 = Release|Any CPU
		{F9A068E0-DFEA-49F9-BA09-CD7AF4008EC1}.Release|x86.ActiveCfg = Release|Any CPU
		{F9A068E0-DFEA-49F9-BA09-CD7AF4008EC1}.Release|x86.Build.0 = Release|Any CPU
		{67BA9ABC-4E1E-4B28-87AB-89CC3CFFA1B0}.Debug|Any CPU.ActiveCfg = Debug|Any CPU
		{67BA9ABC-4E1E-4B28-87AB-89CC3CFFA1B0}.Debug|Any CPU.Build.0 = Debug|Any CPU
		{67BA9ABC-4E1E-4B28-87AB-89CC3CFFA1B0}.Debug|x64.ActiveCfg = Debug|Any CPU
		{67BA9ABC-4E1E-4B28-87AB-89CC3CFFA1B0}.Debug|x64.Build.0 = Debug|Any CPU
		{67BA9ABC-4E1E-4B28-87AB-89CC3CFFA1B0}.Debug|x86.ActiveCfg = Debug|Any CPU
		{67BA9ABC-4E1E-4B28-87AB-89CC3CFFA1B0}.Debug|x86.Build.0 = Debug|Any CPU
		{67BA9ABC-4E1E-4B28-87AB-89CC3CFFA1B0}.Release|Any CPU.ActiveCfg = Release|Any CPU
		{67BA9ABC-4E1E-4B28-87AB-89CC3CFFA1B0}.Release|Any CPU.Build.0 = Release|Any CPU
		{67BA9ABC-4E1E-4B28-87AB-89CC3CFFA1B0}.Release|x64.ActiveCfg = Release|Any CPU
		{67BA9ABC-4E1E-4B28-87AB-89CC3CFFA1B0}.Release|x64.Build.0 = Release|Any CPU
		{67BA9ABC-4E1E-4B28-87AB-89CC3CFFA1B0}.Release|x86.ActiveCfg = Release|Any CPU
		{67BA9ABC-4E1E-4B28-87AB-89CC3CFFA1B0}.Release|x86.Build.0 = Release|Any CPU
		{96715108-269A-42A9-8961-5036D6701082}.Debug|Any CPU.ActiveCfg = Debug|Any CPU
		{96715108-269A-42A9-8961-5036D6701082}.Debug|Any CPU.Build.0 = Debug|Any CPU
		{96715108-269A-42A9-8961-5036D6701082}.Debug|x64.ActiveCfg = Debug|Any CPU
		{96715108-269A-42A9-8961-5036D6701082}.Debug|x64.Build.0 = Debug|Any CPU
		{96715108-269A-42A9-8961-5036D6701082}.Debug|x86.ActiveCfg = Debug|Any CPU
		{96715108-269A-42A9-8961-5036D6701082}.Debug|x86.Build.0 = Debug|Any CPU
		{96715108-269A-42A9-8961-5036D6701082}.Release|Any CPU.ActiveCfg = Release|Any CPU
		{96715108-269A-42A9-8961-5036D6701082}.Release|Any CPU.Build.0 = Release|Any CPU
		{96715108-269A-42A9-8961-5036D6701082}.Release|x64.ActiveCfg = Release|Any CPU
		{96715108-269A-42A9-8961-5036D6701082}.Release|x64.Build.0 = Release|Any CPU
		{96715108-269A-42A9-8961-5036D6701082}.Release|x86.ActiveCfg = Release|Any CPU
		{96715108-269A-42A9-8961-5036D6701082}.Release|x86.Build.0 = Release|Any CPU
		{BD609200-E283-4531-ABAC-5B6C6CC5B0C5}.Debug|Any CPU.ActiveCfg = Debug|Any CPU
		{BD609200-E283-4531-ABAC-5B6C6CC5B0C5}.Debug|Any CPU.Build.0 = Debug|Any CPU
		{BD609200-E283-4531-ABAC-5B6C6CC5B0C5}.Debug|x64.ActiveCfg = Debug|Any CPU
		{BD609200-E283-4531-ABAC-5B6C6CC5B0C5}.Debug|x64.Build.0 = Debug|Any CPU
		{BD609200-E283-4531-ABAC-5B6C6CC5B0C5}.Debug|x86.ActiveCfg = Debug|Any CPU
		{BD609200-E283-4531-ABAC-5B6C6CC5B0C5}.Debug|x86.Build.0 = Debug|Any CPU
		{BD609200-E283-4531-ABAC-5B6C6CC5B0C5}.Release|Any CPU.ActiveCfg = Release|Any CPU
		{BD609200-E283-4531-ABAC-5B6C6CC5B0C5}.Release|Any CPU.Build.0 = Release|Any CPU
		{BD609200-E283-4531-ABAC-5B6C6CC5B0C5}.Release|x64.ActiveCfg = Release|Any CPU
		{BD609200-E283-4531-ABAC-5B6C6CC5B0C5}.Release|x64.Build.0 = Release|Any CPU
		{BD609200-E283-4531-ABAC-5B6C6CC5B0C5}.Release|x86.ActiveCfg = Release|Any CPU
		{BD609200-E283-4531-ABAC-5B6C6CC5B0C5}.Release|x86.Build.0 = Release|Any CPU
		{A35D2EA6-D6DB-4CD1-84D1-0E47A2E81F98}.Debug|Any CPU.ActiveCfg = Debug|Any CPU
		{A35D2EA6-D6DB-4CD1-84D1-0E47A2E81F98}.Debug|Any CPU.Build.0 = Debug|Any CPU
		{A35D2EA6-D6DB-4CD1-84D1-0E47A2E81F98}.Debug|x64.ActiveCfg = Debug|Any CPU
		{A35D2EA6-D6DB-4CD1-84D1-0E47A2E81F98}.Debug|x64.Build.0 = Debug|Any CPU
		{A35D2EA6-D6DB-4CD1-84D1-0E47A2E81F98}.Debug|x86.ActiveCfg = Debug|Any CPU
		{A35D2EA6-D6DB-4CD1-84D1-0E47A2E81F98}.Debug|x86.Build.0 = Debug|Any CPU
		{A35D2EA6-D6DB-4CD1-84D1-0E47A2E81F98}.Release|Any CPU.ActiveCfg = Release|Any CPU
		{A35D2EA6-D6DB-4CD1-84D1-0E47A2E81F98}.Release|Any CPU.Build.0 = Release|Any CPU
		{A35D2EA6-D6DB-4CD1-84D1-0E47A2E81F98}.Release|x64.ActiveCfg = Release|Any CPU
		{A35D2EA6-D6DB-4CD1-84D1-0E47A2E81F98}.Release|x64.Build.0 = Release|Any CPU
		{A35D2EA6-D6DB-4CD1-84D1-0E47A2E81F98}.Release|x86.ActiveCfg = Release|Any CPU
		{A35D2EA6-D6DB-4CD1-84D1-0E47A2E81F98}.Release|x86.Build.0 = Release|Any CPU
		{6BA34FD6-66F3-4DFD-85A8-56656D443A02}.Debug|Any CPU.ActiveCfg = Debug|Any CPU
		{6BA34FD6-66F3-4DFD-85A8-56656D443A02}.Debug|Any CPU.Build.0 = Debug|Any CPU
		{6BA34FD6-66F3-4DFD-85A8-56656D443A02}.Debug|x64.ActiveCfg = Debug|Any CPU
		{6BA34FD6-66F3-4DFD-85A8-56656D443A02}.Debug|x64.Build.0 = Debug|Any CPU
		{6BA34FD6-66F3-4DFD-85A8-56656D443A02}.Debug|x86.ActiveCfg = Debug|Any CPU
		{6BA34FD6-66F3-4DFD-85A8-56656D443A02}.Debug|x86.Build.0 = Debug|Any CPU
		{6BA34FD6-66F3-4DFD-85A8-56656D443A02}.Release|Any CPU.ActiveCfg = Release|Any CPU
		{6BA34FD6-66F3-4DFD-85A8-56656D443A02}.Release|Any CPU.Build.0 = Release|Any CPU
		{6BA34FD6-66F3-4DFD-85A8-56656D443A02}.Release|x64.ActiveCfg = Release|Any CPU
		{6BA34FD6-66F3-4DFD-85A8-56656D443A02}.Release|x64.Build.0 = Release|Any CPU
		{6BA34FD6-66F3-4DFD-85A8-56656D443A02}.Release|x86.ActiveCfg = Release|Any CPU
		{6BA34FD6-66F3-4DFD-85A8-56656D443A02}.Release|x86.Build.0 = Release|Any CPU
		{1ED3CDA9-FFFC-41A9-9373-60BE31078641}.Debug|Any CPU.ActiveCfg = Debug|Any CPU
		{1ED3CDA9-FFFC-41A9-9373-60BE31078641}.Debug|Any CPU.Build.0 = Debug|Any CPU
		{1ED3CDA9-FFFC-41A9-9373-60BE31078641}.Debug|x64.ActiveCfg = Debug|Any CPU
		{1ED3CDA9-FFFC-41A9-9373-60BE31078641}.Debug|x64.Build.0 = Debug|Any CPU
		{1ED3CDA9-FFFC-41A9-9373-60BE31078641}.Debug|x86.ActiveCfg = Debug|Any CPU
		{1ED3CDA9-FFFC-41A9-9373-60BE31078641}.Debug|x86.Build.0 = Debug|Any CPU
		{1ED3CDA9-FFFC-41A9-9373-60BE31078641}.Release|Any CPU.ActiveCfg = Release|Any CPU
		{1ED3CDA9-FFFC-41A9-9373-60BE31078641}.Release|Any CPU.Build.0 = Release|Any CPU
		{1ED3CDA9-FFFC-41A9-9373-60BE31078641}.Release|x64.ActiveCfg = Release|Any CPU
		{1ED3CDA9-FFFC-41A9-9373-60BE31078641}.Release|x64.Build.0 = Release|Any CPU
		{1ED3CDA9-FFFC-41A9-9373-60BE31078641}.Release|x86.ActiveCfg = Release|Any CPU
		{1ED3CDA9-FFFC-41A9-9373-60BE31078641}.Release|x86.Build.0 = Release|Any CPU
		{A7BA48AB-8036-4E02-B313-A58E4BEF8BDB}.Debug|Any CPU.ActiveCfg = Debug|Any CPU
		{A7BA48AB-8036-4E02-B313-A58E4BEF8BDB}.Debug|Any CPU.Build.0 = Debug|Any CPU
		{A7BA48AB-8036-4E02-B313-A58E4BEF8BDB}.Debug|x64.ActiveCfg = Debug|Any CPU
		{A7BA48AB-8036-4E02-B313-A58E4BEF8BDB}.Debug|x64.Build.0 = Debug|Any CPU
		{A7BA48AB-8036-4E02-B313-A58E4BEF8BDB}.Debug|x86.ActiveCfg = Debug|Any CPU
		{A7BA48AB-8036-4E02-B313-A58E4BEF8BDB}.Debug|x86.Build.0 = Debug|Any CPU
		{A7BA48AB-8036-4E02-B313-A58E4BEF8BDB}.Release|Any CPU.ActiveCfg = Release|Any CPU
		{A7BA48AB-8036-4E02-B313-A58E4BEF8BDB}.Release|Any CPU.Build.0 = Release|Any CPU
		{A7BA48AB-8036-4E02-B313-A58E4BEF8BDB}.Release|x64.ActiveCfg = Release|Any CPU
		{A7BA48AB-8036-4E02-B313-A58E4BEF8BDB}.Release|x64.Build.0 = Release|Any CPU
		{A7BA48AB-8036-4E02-B313-A58E4BEF8BDB}.Release|x86.ActiveCfg = Release|Any CPU
		{A7BA48AB-8036-4E02-B313-A58E4BEF8BDB}.Release|x86.Build.0 = Release|Any CPU
		{FC1DADDE-6265-4534-8009-B82A9E7920F6}.Debug|Any CPU.ActiveCfg = Debug|Any CPU
		{FC1DADDE-6265-4534-8009-B82A9E7920F6}.Debug|Any CPU.Build.0 = Debug|Any CPU
		{FC1DADDE-6265-4534-8009-B82A9E7920F6}.Debug|x64.ActiveCfg = Debug|Any CPU
		{FC1DADDE-6265-4534-8009-B82A9E7920F6}.Debug|x64.Build.0 = Debug|Any CPU
		{FC1DADDE-6265-4534-8009-B82A9E7920F6}.Debug|x86.ActiveCfg = Debug|Any CPU
		{FC1DADDE-6265-4534-8009-B82A9E7920F6}.Debug|x86.Build.0 = Debug|Any CPU
		{FC1DADDE-6265-4534-8009-B82A9E7920F6}.Release|Any CPU.ActiveCfg = Release|Any CPU
		{FC1DADDE-6265-4534-8009-B82A9E7920F6}.Release|Any CPU.Build.0 = Release|Any CPU
		{FC1DADDE-6265-4534-8009-B82A9E7920F6}.Release|x64.ActiveCfg = Release|Any CPU
		{FC1DADDE-6265-4534-8009-B82A9E7920F6}.Release|x64.Build.0 = Release|Any CPU
		{FC1DADDE-6265-4534-8009-B82A9E7920F6}.Release|x86.ActiveCfg = Release|Any CPU
		{FC1DADDE-6265-4534-8009-B82A9E7920F6}.Release|x86.Build.0 = Release|Any CPU
		{BECA0E18-48EB-4E06-90D1-8AFA7D860E30}.Debug|Any CPU.ActiveCfg = Debug|Any CPU
		{BECA0E18-48EB-4E06-90D1-8AFA7D860E30}.Debug|Any CPU.Build.0 = Debug|Any CPU
		{BECA0E18-48EB-4E06-90D1-8AFA7D860E30}.Debug|x64.ActiveCfg = Debug|Any CPU
		{BECA0E18-48EB-4E06-90D1-8AFA7D860E30}.Debug|x64.Build.0 = Debug|Any CPU
		{BECA0E18-48EB-4E06-90D1-8AFA7D860E30}.Debug|x86.ActiveCfg = Debug|Any CPU
		{BECA0E18-48EB-4E06-90D1-8AFA7D860E30}.Debug|x86.Build.0 = Debug|Any CPU
		{BECA0E18-48EB-4E06-90D1-8AFA7D860E30}.Release|Any CPU.ActiveCfg = Release|Any CPU
		{BECA0E18-48EB-4E06-90D1-8AFA7D860E30}.Release|Any CPU.Build.0 = Release|Any CPU
		{BECA0E18-48EB-4E06-90D1-8AFA7D860E30}.Release|x64.ActiveCfg = Release|Any CPU
		{BECA0E18-48EB-4E06-90D1-8AFA7D860E30}.Release|x64.Build.0 = Release|Any CPU
		{BECA0E18-48EB-4E06-90D1-8AFA7D860E30}.Release|x86.ActiveCfg = Release|Any CPU
		{BECA0E18-48EB-4E06-90D1-8AFA7D860E30}.Release|x86.Build.0 = Release|Any CPU
		{597BDE0B-C0F3-4F14-B113-9CAB6F1FC715}.Debug|Any CPU.ActiveCfg = Debug|Any CPU
		{597BDE0B-C0F3-4F14-B113-9CAB6F1FC715}.Debug|Any CPU.Build.0 = Debug|Any CPU
		{597BDE0B-C0F3-4F14-B113-9CAB6F1FC715}.Debug|x64.ActiveCfg = Debug|Any CPU
		{597BDE0B-C0F3-4F14-B113-9CAB6F1FC715}.Debug|x64.Build.0 = Debug|Any CPU
		{597BDE0B-C0F3-4F14-B113-9CAB6F1FC715}.Debug|x86.ActiveCfg = Debug|Any CPU
		{597BDE0B-C0F3-4F14-B113-9CAB6F1FC715}.Debug|x86.Build.0 = Debug|Any CPU
		{597BDE0B-C0F3-4F14-B113-9CAB6F1FC715}.Release|Any CPU.ActiveCfg = Release|Any CPU
		{597BDE0B-C0F3-4F14-B113-9CAB6F1FC715}.Release|Any CPU.Build.0 = Release|Any CPU
		{597BDE0B-C0F3-4F14-B113-9CAB6F1FC715}.Release|x64.ActiveCfg = Release|Any CPU
		{597BDE0B-C0F3-4F14-B113-9CAB6F1FC715}.Release|x64.Build.0 = Release|Any CPU
		{597BDE0B-C0F3-4F14-B113-9CAB6F1FC715}.Release|x86.ActiveCfg = Release|Any CPU
		{597BDE0B-C0F3-4F14-B113-9CAB6F1FC715}.Release|x86.Build.0 = Release|Any CPU
		{D385D517-FCF0-4720-9579-B096376B3C85}.Debug|Any CPU.ActiveCfg = Debug|Any CPU
		{D385D517-FCF0-4720-9579-B096376B3C85}.Debug|Any CPU.Build.0 = Debug|Any CPU
		{D385D517-FCF0-4720-9579-B096376B3C85}.Debug|x64.ActiveCfg = Debug|Any CPU
		{D385D517-FCF0-4720-9579-B096376B3C85}.Debug|x64.Build.0 = Debug|Any CPU
		{D385D517-FCF0-4720-9579-B096376B3C85}.Debug|x86.ActiveCfg = Debug|Any CPU
		{D385D517-FCF0-4720-9579-B096376B3C85}.Debug|x86.Build.0 = Debug|Any CPU
		{D385D517-FCF0-4720-9579-B096376B3C85}.Release|Any CPU.ActiveCfg = Release|Any CPU
		{D385D517-FCF0-4720-9579-B096376B3C85}.Release|Any CPU.Build.0 = Release|Any CPU
		{D385D517-FCF0-4720-9579-B096376B3C85}.Release|x64.ActiveCfg = Release|Any CPU
		{D385D517-FCF0-4720-9579-B096376B3C85}.Release|x64.Build.0 = Release|Any CPU
		{D385D517-FCF0-4720-9579-B096376B3C85}.Release|x86.ActiveCfg = Release|Any CPU
		{D385D517-FCF0-4720-9579-B096376B3C85}.Release|x86.Build.0 = Release|Any CPU
		{5B239442-50E5-4B5D-8BC7-480A87C8AA99}.Debug|Any CPU.ActiveCfg = Debug|Any CPU
		{5B239442-50E5-4B5D-8BC7-480A87C8AA99}.Debug|Any CPU.Build.0 = Debug|Any CPU
		{5B239442-50E5-4B5D-8BC7-480A87C8AA99}.Debug|x64.ActiveCfg = Debug|Any CPU
		{5B239442-50E5-4B5D-8BC7-480A87C8AA99}.Debug|x64.Build.0 = Debug|Any CPU
		{5B239442-50E5-4B5D-8BC7-480A87C8AA99}.Debug|x86.ActiveCfg = Debug|Any CPU
		{5B239442-50E5-4B5D-8BC7-480A87C8AA99}.Debug|x86.Build.0 = Debug|Any CPU
		{5B239442-50E5-4B5D-8BC7-480A87C8AA99}.Release|Any CPU.ActiveCfg = Release|Any CPU
		{5B239442-50E5-4B5D-8BC7-480A87C8AA99}.Release|Any CPU.Build.0 = Release|Any CPU
		{5B239442-50E5-4B5D-8BC7-480A87C8AA99}.Release|x64.ActiveCfg = Release|Any CPU
		{5B239442-50E5-4B5D-8BC7-480A87C8AA99}.Release|x64.Build.0 = Release|Any CPU
		{5B239442-50E5-4B5D-8BC7-480A87C8AA99}.Release|x86.ActiveCfg = Release|Any CPU
		{5B239442-50E5-4B5D-8BC7-480A87C8AA99}.Release|x86.Build.0 = Release|Any CPU
		{B41DF276-AC36-40EF-9583-2DA4143FD823}.Debug|Any CPU.ActiveCfg = Debug|Any CPU
		{B41DF276-AC36-40EF-9583-2DA4143FD823}.Debug|Any CPU.Build.0 = Debug|Any CPU
		{B41DF276-AC36-40EF-9583-2DA4143FD823}.Debug|x64.ActiveCfg = Debug|Any CPU
		{B41DF276-AC36-40EF-9583-2DA4143FD823}.Debug|x64.Build.0 = Debug|Any CPU
		{B41DF276-AC36-40EF-9583-2DA4143FD823}.Debug|x86.ActiveCfg = Debug|Any CPU
		{B41DF276-AC36-40EF-9583-2DA4143FD823}.Debug|x86.Build.0 = Debug|Any CPU
		{B41DF276-AC36-40EF-9583-2DA4143FD823}.Release|Any CPU.ActiveCfg = Release|Any CPU
		{B41DF276-AC36-40EF-9583-2DA4143FD823}.Release|Any CPU.Build.0 = Release|Any CPU
		{B41DF276-AC36-40EF-9583-2DA4143FD823}.Release|x64.ActiveCfg = Release|Any CPU
		{B41DF276-AC36-40EF-9583-2DA4143FD823}.Release|x64.Build.0 = Release|Any CPU
		{B41DF276-AC36-40EF-9583-2DA4143FD823}.Release|x86.ActiveCfg = Release|Any CPU
		{B41DF276-AC36-40EF-9583-2DA4143FD823}.Release|x86.Build.0 = Release|Any CPU
		{4C669155-5408-4190-B07D-9EBB03FA60BE}.Debug|Any CPU.ActiveCfg = Debug|Any CPU
		{4C669155-5408-4190-B07D-9EBB03FA60BE}.Debug|Any CPU.Build.0 = Debug|Any CPU
		{4C669155-5408-4190-B07D-9EBB03FA60BE}.Debug|x64.ActiveCfg = Debug|Any CPU
		{4C669155-5408-4190-B07D-9EBB03FA60BE}.Debug|x64.Build.0 = Debug|Any CPU
		{4C669155-5408-4190-B07D-9EBB03FA60BE}.Debug|x86.ActiveCfg = Debug|Any CPU
		{4C669155-5408-4190-B07D-9EBB03FA60BE}.Debug|x86.Build.0 = Debug|Any CPU
		{4C669155-5408-4190-B07D-9EBB03FA60BE}.Release|Any CPU.ActiveCfg = Release|Any CPU
		{4C669155-5408-4190-B07D-9EBB03FA60BE}.Release|Any CPU.Build.0 = Release|Any CPU
		{4C669155-5408-4190-B07D-9EBB03FA60BE}.Release|x64.ActiveCfg = Release|Any CPU
		{4C669155-5408-4190-B07D-9EBB03FA60BE}.Release|x64.Build.0 = Release|Any CPU
		{4C669155-5408-4190-B07D-9EBB03FA60BE}.Release|x86.ActiveCfg = Release|Any CPU
		{4C669155-5408-4190-B07D-9EBB03FA60BE}.Release|x86.Build.0 = Release|Any CPU
		{CAF1A48D-CF55-489B-905D-22B4C1047B6D}.Debug|Any CPU.ActiveCfg = Debug|Any CPU
		{CAF1A48D-CF55-489B-905D-22B4C1047B6D}.Debug|Any CPU.Build.0 = Debug|Any CPU
		{CAF1A48D-CF55-489B-905D-22B4C1047B6D}.Debug|x64.ActiveCfg = Debug|Any CPU
		{CAF1A48D-CF55-489B-905D-22B4C1047B6D}.Debug|x64.Build.0 = Debug|Any CPU
		{CAF1A48D-CF55-489B-905D-22B4C1047B6D}.Debug|x86.ActiveCfg = Debug|Any CPU
		{CAF1A48D-CF55-489B-905D-22B4C1047B6D}.Debug|x86.Build.0 = Debug|Any CPU
		{CAF1A48D-CF55-489B-905D-22B4C1047B6D}.Release|Any CPU.ActiveCfg = Release|Any CPU
		{CAF1A48D-CF55-489B-905D-22B4C1047B6D}.Release|Any CPU.Build.0 = Release|Any CPU
		{CAF1A48D-CF55-489B-905D-22B4C1047B6D}.Release|x64.ActiveCfg = Release|Any CPU
		{CAF1A48D-CF55-489B-905D-22B4C1047B6D}.Release|x64.Build.0 = Release|Any CPU
		{CAF1A48D-CF55-489B-905D-22B4C1047B6D}.Release|x86.ActiveCfg = Release|Any CPU
		{CAF1A48D-CF55-489B-905D-22B4C1047B6D}.Release|x86.Build.0 = Release|Any CPU
	EndGlobalSection
	GlobalSection(SolutionProperties) = preSolution
		HideSolutionNode = FALSE
	EndGlobalSection
	GlobalSection(ExtensibilityGlobals) = postSolution
		SolutionGuid = {DAE5F9CC-335A-4D3A-8137-73CDB8F15898}
	EndGlobalSection
EndGlobal
